
Microsoft Visual Studio Solution File, Format Version 12.00
# Visual Studio Version 16
VisualStudioVersion = 16.0.31729.503
MinimumVisualStudioVersion = 10.0.40219.1
Project("{FAE04EC0-301F-11D3-BF4B-00C04F79EFBC}") = "CS_DZ_Mass_4", "CS_DZ_Mass_4\CS_DZ_Mass_4.csproj", "{4005FFD3-47FB-448F-BE00-C75B114EEE0B}"
EndProject
Global
	GlobalSection(SolutionConfigurationPlatforms) = preSolution
		Debug|Any CPU = Debug|Any CPU
		Release|Any CPU = Release|Any CPU
	EndGlobalSection
	GlobalSection(ProjectConfigurationPlatforms) = postSolution
		{4005FFD3-47FB-448F-BE00-C75B114EEE0B}.Debug|Any CPU.ActiveCfg = Debug|Any CPU
		{4005FFD3-47FB-448F-BE00-C75B114EEE0B}.Debug|Any CPU.Build.0 = Debug|Any CPU
		{4005FFD3-47FB-448F-BE00-C75B114EEE0B}.Release|Any CPU.ActiveCfg = Release|Any CPU
		{4005FFD3-47FB-448F-BE00-C75B114EEE0B}.Release|Any CPU.Build.0 = Release|Any CPU
	EndGlobalSection
	GlobalSection(SolutionProperties) = preSolution
		HideSolutionNode = FALSE
	EndGlobalSection
	GlobalSection(ExtensibilityGlobals) = postSolution
		SolutionGuid = {738920D4-5885-48C6-8AB6-EB6A7A301DEE}
	EndGlobalSection
EndGlobal
